
Microsoft Visual Studio Solution File, Format Version 12.00
# Visual Studio Version 16
VisualStudioVersion = 16.0.29411.108
MinimumVisualStudioVersion = 10.0.40219.1
Project("{FAE04EC0-301F-11D3-BF4B-00C04F79EFBC}") = "Aimp_DiskCover", "src\Aimp_DiskCover.csproj", "{764BAAE0-3F13-4C5A-A81D-0ED619CC9797}"
EndProject
Global
	GlobalSection(SolutionConfigurationPlatforms) = preSolution
		Debug|Any CPU = Debug|Any CPU
		Debug|Mixed Platforms = Debug|Mixed Platforms
		Debug|Win32 = Debug|Win32
		Release|Any CPU = Release|Any CPU
		Release|Mixed Platforms = Release|Mixed Platforms
		Release|Win32 = Release|Win32
	EndGlobalSection
	GlobalSection(ProjectConfigurationPlatforms) = postSolution
		{764BAAE0-3F13-4C5A-A81D-0ED619CC9797}.Debug|Any CPU.ActiveCfg = Debug|Any CPU
		{764BAAE0-3F13-4C5A-A81D-0ED619CC9797}.Debug|Any CPU.Build.0 = Debug|Any CPU
		{764BAAE0-3F13-4C5A-A81D-0ED619CC9797}.Debug|Mixed Platforms.ActiveCfg = Debug|Any CPU
		{764BAAE0-3F13-4C5A-A81D-0ED619CC9797}.Debug|Mixed Platforms.Build.0 = Debug|Any CPU
		{764BAAE0-3F13-4C5A-A81D-0ED619CC9797}.Debug|Win32.ActiveCfg = Debug|Any CPU
		{764BAAE0-3F13-4C5A-A81D-0ED619CC9797}.Debug|Win32.Build.0 = Debug|Any CPU
		{764BAAE0-3F13-4C5A-A81D-0ED619CC9797}.Release|Any CPU.ActiveCfg = Release|Any CPU
		{764BAAE0-3F13-4C5A-A81D-0ED619CC9797}.Release|Any CPU.Build.0 = Release|Any CPU
		{764BAAE0-3F13-4C5A-A81D-0ED619CC9797}.Release|Mixed Platforms.ActiveCfg = Release|Any CPU
		{764BAAE0-3F13-4C5A-A81D-0ED619CC9797}.Release|Mixed Platforms.Build.0 = Release|Any CPU
		{764BAAE0-3F13-4C5A-A81D-0ED619CC9797}.Release|Win32.ActiveCfg = Release|Any CPU
		{764BAAE0-3F13-4C5A-A81D-0ED619CC9797}.Release|Win32.Build.0 = Release|Any CPU
	EndGlobalSection
	GlobalSection(SolutionProperties) = preSolution
		HideSolutionNode = FALSE
	EndGlobalSection
	GlobalSection(ExtensibilityGlobals) = postSolution
		SolutionGuid = {0CC807BF-E804-4D0E-8E8C-8A2D548AC030}
	EndGlobalSection
EndGlobal
