
Microsoft Visual Studio Solution File, Format Version 12.00
# Visual Studio Version 17
VisualStudioVersion = 17.1.32328.378
MinimumVisualStudioVersion = 10.0.40219.1
Project("{9A19103F-16F7-4668-BE54-9A1E7A4F7556}") = "_build", "..\build\_build.csproj", "{9894474A-7577-455E-BEC6-8D5486DDCDE9}"
EndProject
Project("{FAE04EC0-301F-11D3-BF4B-00C04F79EFBC}") = "Aimp_DiskCover", "Aimp_DiskCover\Aimp_DiskCover.csproj", "{715955C7-73A2-4D13-B470-8728666DA56E}"
EndProject
Project("{FAE04EC0-301F-11D3-BF4B-00C04F79EFBC}") = "Aimp_DiskCover-x64", "Aimp_DiskCover-x64\Aimp_DiskCover-x64.csproj", "{5AA66C63-199F-40BB-B121-4BA1F3F4113B}"
EndProject
Global
	GlobalSection(SolutionConfigurationPlatforms) = preSolution
		Debug|Any CPU = Debug|Any CPU
		Debug|x64 = Debug|x64
		Debug|x86 = Debug|x86
		Release|Any CPU = Release|Any CPU
		Release|x64 = Release|x64
		Release|x86 = Release|x86
	EndGlobalSection
	GlobalSection(ProjectConfigurationPlatforms) = postSolution
		{9894474A-7577-455E-BEC6-8D5486DDCDE9}.Debug|Any CPU.ActiveCfg = Debug|Any CPU
		{9894474A-7577-455E-BEC6-8D5486DDCDE9}.Debug|x64.ActiveCfg = Debug|Any CPU
		{9894474A-7577-455E-BEC6-8D5486DDCDE9}.Debug|x86.ActiveCfg = Debug|Any CPU
		{9894474A-7577-455E-BEC6-8D5486DDCDE9}.Release|Any CPU.ActiveCfg = Release|Any CPU
		{9894474A-7577-455E-BEC6-8D5486DDCDE9}.Release|x64.ActiveCfg = Release|Any CPU
		{9894474A-7577-455E-BEC6-8D5486DDCDE9}.Release|x86.ActiveCfg = Release|Any CPU
		{715955C7-73A2-4D13-B470-8728666DA56E}.Debug|Any CPU.ActiveCfg = Debug|Any CPU
		{715955C7-73A2-4D13-B470-8728666DA56E}.Debug|Any CPU.Build.0 = Debug|Any CPU
		{715955C7-73A2-4D13-B470-8728666DA56E}.Debug|x64.ActiveCfg = Debug|Any CPU
		{715955C7-73A2-4D13-B470-8728666DA56E}.Debug|x86.ActiveCfg = Debug|x86
		{715955C7-73A2-4D13-B470-8728666DA56E}.Debug|x86.Build.0 = Debug|x86
		{715955C7-73A2-4D13-B470-8728666DA56E}.Release|Any CPU.ActiveCfg = Release|Any CPU
		{715955C7-73A2-4D13-B470-8728666DA56E}.Release|Any CPU.Build.0 = Release|Any CPU
		{715955C7-73A2-4D13-B470-8728666DA56E}.Release|x64.ActiveCfg = Release|Any CPU
		{715955C7-73A2-4D13-B470-8728666DA56E}.Release|x86.ActiveCfg = Release|x86
		{715955C7-73A2-4D13-B470-8728666DA56E}.Release|x86.Build.0 = Release|x86
		{5AA66C63-199F-40BB-B121-4BA1F3F4113B}.Debug|Any CPU.ActiveCfg = Debug|Any CPU
		{5AA66C63-199F-40BB-B121-4BA1F3F4113B}.Debug|Any CPU.Build.0 = Debug|Any CPU
		{5AA66C63-199F-40BB-B121-4BA1F3F4113B}.Debug|x64.ActiveCfg = Debug|x64
		{5AA66C63-199F-40BB-B121-4BA1F3F4113B}.Debug|x64.Build.0 = Debug|x64
		{5AA66C63-199F-40BB-B121-4BA1F3F4113B}.Debug|x86.ActiveCfg = Debug|Any CPU
		{5AA66C63-199F-40BB-B121-4BA1F3F4113B}.Release|Any CPU.ActiveCfg = Release|Any CPU
		{5AA66C63-199F-40BB-B121-4BA1F3F4113B}.Release|Any CPU.Build.0 = Release|Any CPU
		{5AA66C63-199F-40BB-B121-4BA1F3F4113B}.Release|x64.ActiveCfg = Release|x64
		{5AA66C63-199F-40BB-B121-4BA1F3F4113B}.Release|x64.Build.0 = Release|x64
		{5AA66C63-199F-40BB-B121-4BA1F3F4113B}.Release|x86.ActiveCfg = Release|Any CPU
	EndGlobalSection
	GlobalSection(SolutionProperties) = preSolution
		HideSolutionNode = FALSE
	EndGlobalSection
	GlobalSection(ExtensibilityGlobals) = postSolution
		SolutionGuid = {0CC807BF-E804-4D0E-8E8C-8A2D548AC030}
	EndGlobalSection
EndGlobal
